
Microsoft Visual Studio Solution File, Format Version 12.00
# Visual Studio Version 16
VisualStudioVersion = 16.0.30528.160
MinimumVisualStudioVersion = 10.0.40219.1
Project("{FAE04EC0-301F-11D3-BF4B-00C04F79EFBC}") = "ConsoleApp2", "ConsoleApp2\ConsoleApp2.csproj", "{C6392D2E-4812-4047-8988-070FD2C83038}"
EndProject
Global
	GlobalSection(SolutionConfigurationPlatforms) = preSolution
		Debug|Any CPU = Debug|Any CPU
		Release|Any CPU = Release|Any CPU
	EndGlobalSection
	GlobalSection(ProjectConfigurationPlatforms) = postSolution
		{C6392D2E-4812-4047-8988-070FD2C83038}.Debug|Any CPU.ActiveCfg = Debug|Any CPU
		{C6392D2E-4812-4047-8988-070FD2C83038}.Debug|Any CPU.Build.0 = Debug|Any CPU
		{C6392D2E-4812-4047-8988-070FD2C83038}.Release|Any CPU.ActiveCfg = Release|Any CPU
		{C6392D2E-4812-4047-8988-070FD2C83038}.Release|Any CPU.Build.0 = Release|Any CPU
	EndGlobalSection
	GlobalSection(SolutionProperties) = preSolution
		HideSolutionNode = FALSE
	EndGlobalSection
	GlobalSection(ExtensibilityGlobals) = postSolution
		SolutionGuid = {3C0ED63C-130A-4068-946C-CE77015CCD42}
	EndGlobalSection
EndGlobal
